
Microsoft Visual Studio Solution File, Format Version 12.00
# Visual Studio Version 17
VisualStudioVersion = 17.2.32526.322
MinimumVisualStudioVersion = 10.0.40219.1
Project("{FAE04EC0-301F-11D3-BF4B-00C04F79EFBC}") = "SegundaPracticaSergioAlcazarMonedero", "SegundaPracticaSergioAlcazarMonedero\SegundaPracticaSergioAlcazarMonedero.csproj", "{55FFD0D0-484E-48A5-B82C-6532942CFB63}"
EndProject
Global
	GlobalSection(SolutionConfigurationPlatforms) = preSolution
		Debug|Any CPU = Debug|Any CPU
		Release|Any CPU = Release|Any CPU
	EndGlobalSection
	GlobalSection(ProjectConfigurationPlatforms) = postSolution
		{55FFD0D0-484E-48A5-B82C-6532942CFB63}.Debug|Any CPU.ActiveCfg = Debug|Any CPU
		{55FFD0D0-484E-48A5-B82C-6532942CFB63}.Debug|Any CPU.Build.0 = Debug|Any CPU
		{55FFD0D0-484E-48A5-B82C-6532942CFB63}.Release|Any CPU.ActiveCfg = Release|Any CPU
		{55FFD0D0-484E-48A5-B82C-6532942CFB63}.Release|Any CPU.Build.0 = Release|Any CPU
	EndGlobalSection
	GlobalSection(SolutionProperties) = preSolution
		HideSolutionNode = FALSE
	EndGlobalSection
	GlobalSection(ExtensibilityGlobals) = postSolution
		SolutionGuid = {67AA3CCC-0653-4086-B95B-48AEB54DE667}
	EndGlobalSection
EndGlobal
